
Microsoft Visual Studio Solution File, Format Version 12.00
Project("{FAE04EC0-301F-11D3-BF4B-00C04F79EFBC}") = "ArraysExpresionesRegularesEnums", "ArraysExpresionesRegularesEnums\ArraysExpresionesRegularesEnums.csproj", "{1E92ED2B-44F1-4740-AFC9-F40F27560C59}"
EndProject
Global
	GlobalSection(SolutionConfigurationPlatforms) = preSolution
		Debug|Any CPU = Debug|Any CPU
		Release|Any CPU = Release|Any CPU
	EndGlobalSection
	GlobalSection(ProjectConfigurationPlatforms) = postSolution
		{1E92ED2B-44F1-4740-AFC9-F40F27560C59}.Debug|Any CPU.ActiveCfg = Debug|Any CPU
		{1E92ED2B-44F1-4740-AFC9-F40F27560C59}.Debug|Any CPU.Build.0 = Debug|Any CPU
		{1E92ED2B-44F1-4740-AFC9-F40F27560C59}.Release|Any CPU.ActiveCfg = Release|Any CPU
		{1E92ED2B-44F1-4740-AFC9-F40F27560C59}.Release|Any CPU.Build.0 = Release|Any CPU
	EndGlobalSection
EndGlobal
