
Microsoft Visual Studio Solution File, Format Version 12.00
Project("{FAE04EC0-301F-11D3-BF4B-00C04F79EFBC}") = "Binarios", "Binarios\Binarios.csproj", "{D814B7D9-FDBA-4C98-ACF3-1A0E5433A1AA}"
EndProject
Global
	GlobalSection(SolutionConfigurationPlatforms) = preSolution
		Debug|Any CPU = Debug|Any CPU
		Release|Any CPU = Release|Any CPU
	EndGlobalSection
	GlobalSection(ProjectConfigurationPlatforms) = postSolution
		{D814B7D9-FDBA-4C98-ACF3-1A0E5433A1AA}.Debug|Any CPU.ActiveCfg = Debug|Any CPU
		{D814B7D9-FDBA-4C98-ACF3-1A0E5433A1AA}.Debug|Any CPU.Build.0 = Debug|Any CPU
		{D814B7D9-FDBA-4C98-ACF3-1A0E5433A1AA}.Release|Any CPU.ActiveCfg = Release|Any CPU
		{D814B7D9-FDBA-4C98-ACF3-1A0E5433A1AA}.Release|Any CPU.Build.0 = Release|Any CPU
	EndGlobalSection
EndGlobal
