
Microsoft Visual Studio Solution File, Format Version 12.00
Project("{FAE04EC0-301F-11D3-BF4B-00C04F79EFBC}") = "14-Consola", "14-Consola\14-Consola.csproj", "{99F7B387-1472-4C22-A843-3686019A5BB7}"
EndProject
Global
	GlobalSection(SolutionConfigurationPlatforms) = preSolution
		Debug|Any CPU = Debug|Any CPU
		Release|Any CPU = Release|Any CPU
	EndGlobalSection
	GlobalSection(ProjectConfigurationPlatforms) = postSolution
		{99F7B387-1472-4C22-A843-3686019A5BB7}.Debug|Any CPU.ActiveCfg = Debug|Any CPU
		{99F7B387-1472-4C22-A843-3686019A5BB7}.Debug|Any CPU.Build.0 = Debug|Any CPU
		{99F7B387-1472-4C22-A843-3686019A5BB7}.Release|Any CPU.ActiveCfg = Release|Any CPU
		{99F7B387-1472-4C22-A843-3686019A5BB7}.Release|Any CPU.Build.0 = Release|Any CPU
	EndGlobalSection
EndGlobal
