
Microsoft Visual Studio Solution File, Format Version 12.00
Project("{FAE04EC0-301F-11D3-BF4B-00C04F79EFBC}") = "MoscaVector", "MoscaVector\MoscaVector.csproj", "{9F3771F1-29FF-4DB8-B04C-8D099117E22F}"
EndProject
Global
	GlobalSection(SolutionConfigurationPlatforms) = preSolution
		Debug|Any CPU = Debug|Any CPU
		Release|Any CPU = Release|Any CPU
	EndGlobalSection
	GlobalSection(ProjectConfigurationPlatforms) = postSolution
		{9F3771F1-29FF-4DB8-B04C-8D099117E22F}.Debug|Any CPU.ActiveCfg = Debug|Any CPU
		{9F3771F1-29FF-4DB8-B04C-8D099117E22F}.Debug|Any CPU.Build.0 = Debug|Any CPU
		{9F3771F1-29FF-4DB8-B04C-8D099117E22F}.Release|Any CPU.ActiveCfg = Release|Any CPU
		{9F3771F1-29FF-4DB8-B04C-8D099117E22F}.Release|Any CPU.Build.0 = Release|Any CPU
	EndGlobalSection
EndGlobal
